
Microsoft Visual Studio Solution File, Format Version 12.00
# Visual Studio 15
VisualStudioVersion = 15.0.28307.489
MinimumVisualStudioVersion = 10.0.40219.1
Project("{2150E333-8FDC-42A3-9474-1A3956D46DE8}") = "Solution Items", "Solution Items", "{0C994FD2-43CE-4412-BCCD-628DBD8130DF}"
	ProjectSection(SolutionItems) = preProject
		License.txt = License.txt
		Readme.md = Readme.md
	EndProjectSection
EndProject
Project("{2150E333-8FDC-42A3-9474-1A3956D46DE8}") = "Build", "Build", "{718037C6-0F82-456A-B7EB-531694D035B4}"
	ProjectSection(SolutionItems) = preProject
		ReleaseNotes.md = ReleaseNotes.md
	EndProjectSection
EndProject
Project("{9A19103F-16F7-4668-BE54-9A1E7A4F7556}") = "UriTemplates", "src\UriTemplates\UriTemplates.csproj", "{F60E3FBC-22FE-43A7-A46B-93C30B74B72A}"
EndProject
Project("{9A19103F-16F7-4668-BE54-9A1E7A4F7556}") = "UriTemplateTests", "src\UriTemplateTests\UriTemplateTests.csproj", "{2D43074E-C8E2-4D1D-B64D-7A267908840B}"
EndProject
Global
	GlobalSection(SolutionConfigurationPlatforms) = preSolution
		Debug|Any CPU = Debug|Any CPU
		Debug|Mixed Platforms = Debug|Mixed Platforms
		Debug|x86 = Debug|x86
		Release|Any CPU = Release|Any CPU
		Release|Mixed Platforms = Release|Mixed Platforms
		Release|x86 = Release|x86
	EndGlobalSection
	GlobalSection(ProjectConfigurationPlatforms) = postSolution
		{F60E3FBC-22FE-43A7-A46B-93C30B74B72A}.Debug|Any CPU.ActiveCfg = Debug|Any CPU
		{F60E3FBC-22FE-43A7-A46B-93C30B74B72A}.Debug|Any CPU.Build.0 = Debug|Any CPU
		{F60E3FBC-22FE-43A7-A46B-93C30B74B72A}.Debug|Mixed Platforms.ActiveCfg = Debug|Any CPU
		{F60E3FBC-22FE-43A7-A46B-93C30B74B72A}.Debug|Mixed Platforms.Build.0 = Debug|Any CPU
		{F60E3FBC-22FE-43A7-A46B-93C30B74B72A}.Debug|x86.ActiveCfg = Debug|Any CPU
		{F60E3FBC-22FE-43A7-A46B-93C30B74B72A}.Debug|x86.Build.0 = Debug|Any CPU
		{F60E3FBC-22FE-43A7-A46B-93C30B74B72A}.Release|Any CPU.ActiveCfg = Release|Any CPU
		{F60E3FBC-22FE-43A7-A46B-93C30B74B72A}.Release|Any CPU.Build.0 = Release|Any CPU
		{F60E3FBC-22FE-43A7-A46B-93C30B74B72A}.Release|Mixed Platforms.ActiveCfg = Release|Any CPU
		{F60E3FBC-22FE-43A7-A46B-93C30B74B72A}.Release|Mixed Platforms.Build.0 = Release|Any CPU
		{F60E3FBC-22FE-43A7-A46B-93C30B74B72A}.Release|x86.ActiveCfg = Release|Any CPU
		{F60E3FBC-22FE-43A7-A46B-93C30B74B72A}.Release|x86.Build.0 = Release|Any CPU
		{2D43074E-C8E2-4D1D-B64D-7A267908840B}.Debug|Any CPU.ActiveCfg = Debug|Any CPU
		{2D43074E-C8E2-4D1D-B64D-7A267908840B}.Debug|Any CPU.Build.0 = Debug|Any CPU
		{2D43074E-C8E2-4D1D-B64D-7A267908840B}.Debug|Mixed Platforms.ActiveCfg = Debug|Any CPU
		{2D43074E-C8E2-4D1D-B64D-7A267908840B}.Debug|Mixed Platforms.Build.0 = Debug|Any CPU
		{2D43074E-C8E2-4D1D-B64D-7A267908840B}.Debug|x86.ActiveCfg = Debug|Any CPU
		{2D43074E-C8E2-4D1D-B64D-7A267908840B}.Debug|x86.Build.0 = Debug|Any CPU
		{2D43074E-C8E2-4D1D-B64D-7A267908840B}.Release|Any CPU.ActiveCfg = Release|Any CPU
		{2D43074E-C8E2-4D1D-B64D-7A267908840B}.Release|Any CPU.Build.0 = Release|Any CPU
		{2D43074E-C8E2-4D1D-B64D-7A267908840B}.Release|Mixed Platforms.ActiveCfg = Release|Any CPU
		{2D43074E-C8E2-4D1D-B64D-7A267908840B}.Release|Mixed Platforms.Build.0 = Release|Any CPU
		{2D43074E-C8E2-4D1D-B64D-7A267908840B}.Release|x86.ActiveCfg = Release|Any CPU
		{2D43074E-C8E2-4D1D-B64D-7A267908840B}.Release|x86.Build.0 = Release|Any CPU
	EndGlobalSection
	GlobalSection(SolutionProperties) = preSolution
		HideSolutionNode = FALSE
	EndGlobalSection
	GlobalSection(ExtensibilityGlobals) = postSolution
		SolutionGuid = {C814C2F5-05C7-4FAD-A250-2EB1FC0364A0}
	EndGlobalSection
EndGlobal
