
Microsoft Visual Studio Solution File, Format Version 12.00
# Visual Studio 15
VisualStudioVersion = 15.0.27703.2035
MinimumVisualStudioVersion = 10.0.40219.1
Project("{2150E333-8FDC-42A3-9474-1A3956D46DE8}") = "Solution Items", "Solution Items", "{0C994FD2-43CE-4412-BCCD-628DBD8130DF}"
	ProjectSection(SolutionItems) = preProject
		License.txt = License.txt
		Readme.md = Readme.md
	EndProjectSection
EndProject
Project("{2150E333-8FDC-42A3-9474-1A3956D46DE8}") = "Build", "Build", "{718037C6-0F82-456A-B7EB-531694D035B4}"
	ProjectSection(SolutionItems) = preProject
		ReleaseNotes.md = ReleaseNotes.md
	EndProjectSection
EndProject
Project("{9A19103F-16F7-4668-BE54-9A1E7A4F7556}") = "UriTemplateTests", "test\UriTemplateTests\UriTemplateTests.csproj", "{CD1AEFAB-AF35-40D9-9D9E-38D6ECC95DE2}"
EndProject
Project("{9A19103F-16F7-4668-BE54-9A1E7A4F7556}") = "UriTemplates", "src\UriTemplates\UriTemplates.csproj", "{0B35CD44-E897-42C6-95F8-5DD6F98507A2}"
EndProject
Global
	GlobalSection(SolutionConfigurationPlatforms) = preSolution
		Debug|Any CPU = Debug|Any CPU
		Release|Any CPU = Release|Any CPU
	EndGlobalSection
	GlobalSection(ProjectConfigurationPlatforms) = postSolution
		{CD1AEFAB-AF35-40D9-9D9E-38D6ECC95DE2}.Debug|Any CPU.ActiveCfg = Debug|Any CPU
		{CD1AEFAB-AF35-40D9-9D9E-38D6ECC95DE2}.Debug|Any CPU.Build.0 = Debug|Any CPU
		{CD1AEFAB-AF35-40D9-9D9E-38D6ECC95DE2}.Release|Any CPU.ActiveCfg = Release|Any CPU
		{0B35CD44-E897-42C6-95F8-5DD6F98507A2}.Debug|Any CPU.ActiveCfg = Debug|Any CPU
		{0B35CD44-E897-42C6-95F8-5DD6F98507A2}.Debug|Any CPU.Build.0 = Debug|Any CPU
		{0B35CD44-E897-42C6-95F8-5DD6F98507A2}.Release|Any CPU.ActiveCfg = Release|Any CPU
		{0B35CD44-E897-42C6-95F8-5DD6F98507A2}.Release|Any CPU.Build.0 = Release|Any CPU
	EndGlobalSection
	GlobalSection(SolutionProperties) = preSolution
		HideSolutionNode = FALSE
	EndGlobalSection
	GlobalSection(ExtensibilityGlobals) = postSolution
		SolutionGuid = {99245EA3-F86F-4063-833F-9574DBA79ACF}
	EndGlobalSection
EndGlobal
